
Microsoft Visual Studio Solution File, Format Version 12.00
# Visual Studio 2012
Project("{2150E333-8FDC-42A3-9474-1A3956D46DE8}") = "Core", "Core", "{1C13D7FF-2C8F-464B-AC9F-934B8AEA6152}"
EndProject
Project("{2150E333-8FDC-42A3-9474-1A3956D46DE8}") = "Plugin", "Plugin", "{32A69289-892C-4749-AC89-CBC717140754}"
EndProject
Project("{FAE04EC0-301F-11D3-BF4B-00C04F79EFBC}") = "backOffice.Extension", "..\..\..\..\..\..\dbPIC\trunk\02_Dev\02_CC\02_Src\BackOffice\Common\backOffice.Extension\backOffice.Extension.csproj", "{F1095571-0171-4D03-9BDD-2DB962A981E4}"
EndProject
Project("{FAE04EC0-301F-11D3-BF4B-00C04F79EFBC}") = "backOffice.OSGi.MvcCore", "..\..\..\..\..\..\dbPIC\trunk\02_Dev\02_CC\02_Src\BackOffice\Common\backOffice.Core\backOffice.OSGi.MvcCore.csproj", "{4210C426-96A9-47B5-833D-8801B724F313}"
EndProject
Project("{FAE04EC0-301F-11D3-BF4B-00C04F79EFBC}") = "backOffice.IoCPlugin", "..\..\..\..\..\..\dbPIC\trunk\02_Dev\02_CC\02_Src\BackOffice\backOffice\Plugins\backOffice.IoCPlugin\backOffice.IoCPlugin.csproj", "{BFA82920-CA91-4FD8-A03B-26F6C9CF6F30}"
EndProject
Project("{FAE04EC0-301F-11D3-BF4B-00C04F79EFBC}") = "MaintenancePlugin", "..\..\..\..\..\..\dbPIC\trunk\02_Dev\02_CC\02_Src\BackOffice\backOffice\Plugins\MaintenancePlugin\MaintenancePlugin.csproj", "{C1F157DF-7475-4DD6-9E44-010CD2AFF889}"
EndProject
Project("{FAE04EC0-301F-11D3-BF4B-00C04F79EFBC}") = "Common", "..\..\..\..\..\..\dbPIC\trunk\02_Dev\02_CC\02_Src\Infrastructure\Common\Common.csproj", "{9D356047-4D2A-4F59-90C0-592C96670119}"
EndProject
Project("{FAE04EC0-301F-11D3-BF4B-00C04F79EFBC}") = "backOffice.Infrastructure", "..\..\..\..\..\..\dbPIC\trunk\02_Dev\02_CC\02_Src\BackOffice\Common\backOffice.Infrastructure\backOffice.Infrastructure.csproj", "{B505DA11-B18A-4716-A4D4-B08A26E7C000}"
EndProject
Project("{FAE04EC0-301F-11D3-BF4B-00C04F79EFBC}") = "BootStrapPlugin", "..\..\..\..\..\..\dbPIC\trunk\02_Dev\02_CC\02_Src\BackOffice\backOffice\Plugins\BootStrapPlugin\BootStrapPlugin.csproj", "{5E029AE5-8311-4739-9585-7568545570E2}"
EndProject
Project("{FAE04EC0-301F-11D3-BF4B-00C04F79EFBC}") = "SecurityPlugin", "..\..\..\..\..\..\dbPIC\trunk\02_Dev\02_CC\02_Src\BackOffice\backOffice\Plugins\SecurityPlugin\SecurityPlugin.csproj", "{FEF26A62-2D63-4DFC-8D61-35BD9B5786B4}"
EndProject
Project("{FAE04EC0-301F-11D3-BF4B-00C04F79EFBC}") = "PIC.Domain", "..\..\..\..\..\..\dbPIC\trunk\02_Dev\02_CC\02_Src\PIC.Domain\PIC.Domain.csproj", "{363051F8-1E99-447E-A542-B6D19F1F14B2}"
EndProject
Project("{2150E333-8FDC-42A3-9474-1A3956D46DE8}") = "Integra", "Integra", "{3BE76FF7-C0EA-41B1-9E3E-6A198D7D1962}"
EndProject
Project("{FAE04EC0-301F-11D3-BF4B-00C04F79EFBC}") = "integraMobile.Domain", "..\integraMobile.Domain\integraMobile.Domain.csproj", "{D61B49D2-71E7-4594-B4BF-7111445DD51C}"
EndProject
Project("{FAE04EC0-301F-11D3-BF4B-00C04F79EFBC}") = "integraMobile.Infrastructure", "..\integraMobile.Infrastructure\integraMobile.Infrastructure.csproj", "{1A917A7C-C1D1-4BC8-9434-9F37FADC0A6B}"
EndProject
Project("{FAE04EC0-301F-11D3-BF4B-00C04F79EFBC}") = "integraMobile.Domain.NH", "integraMobile.Domain.NH\integraMobile.Domain.NH.csproj", "{B526A7A4-1FBF-4AE1-9E89-7A13B847DD64}"
EndProject
Project("{2150E333-8FDC-42A3-9474-1A3956D46DE8}") = "Infrastructure", "Infrastructure", "{989F9744-E0EF-4F5D-853C-B18E5BA92972}"
EndProject
Project("{FAE04EC0-301F-11D3-BF4B-00C04F79EFBC}") = "backOffice", "backOffice\backOffice.csproj", "{B1CD1D03-AF11-4045-B039-4B25208445A8}"
EndProject
Project("{2150E333-8FDC-42A3-9474-1A3956D46DE8}") = "Comm", "Comm", "{2BD17364-78DF-4A6F-AE67-38E95A618575}"
EndProject
Project("{2150E333-8FDC-42A3-9474-1A3956D46DE8}") = "Base", "Base", "{2D88540C-AE13-4200-9773-BB3A00DAC34A}"
EndProject
Project("{2150E333-8FDC-42A3-9474-1A3956D46DE8}") = "Messages", "Messages", "{26300225-2FC9-4FBA-B280-645878E5BCAD}"
EndProject
Project("{FAE04EC0-301F-11D3-BF4B-00C04F79EFBC}") = "PICComm", "..\..\..\..\..\..\dbPIC\trunk\02_Dev\02_CC\02_Src\Infrastructure\Comm\PICComm\PICComm.csproj", "{09C08710-6D6F-4FB6-9996-03115826FE74}"
EndProject
Project("{FAE04EC0-301F-11D3-BF4B-00C04F79EFBC}") = "PICMessagesBase", "..\..\..\..\..\..\dbPIC\trunk\02_Dev\02_CC\02_Src\Infrastructure\Comm\PICMessagesBase\PICMessagesBase.csproj", "{6D2C7F9D-D226-4318-A4A1-086758476818}"
EndProject
Project("{FAE04EC0-301F-11D3-BF4B-00C04F79EFBC}") = "PICMessagesData1", "..\..\..\..\..\..\dbPIC\trunk\02_Dev\02_CC\02_Src\PICMessages\v1\PICMessagesData1\PICMessagesData1.csproj", "{8A8FB4EB-A719-433D-8484-2EF09FFA69B8}"
EndProject
Project("{FAE04EC0-301F-11D3-BF4B-00C04F79EFBC}") = "PICMessagesManager1", "..\..\..\..\..\..\dbPIC\trunk\02_Dev\02_CC\02_Src\PICMessages\v1\PICMessagesManager1\PICMessagesManager1.csproj", "{934E073A-5DA4-45EE-8B8D-BFC7EF205274}"
EndProject
Project("{2150E333-8FDC-42A3-9474-1A3956D46DE8}") = "Tariff Computer", "Tariff Computer", "{6DD039ED-E055-4CA2-ADBB-A60FB61C1F1C}"
EndProject
Project("{FAE04EC0-301F-11D3-BF4B-00C04F79EFBC}") = "TariffComputer", "..\..\..\..\..\..\dbPIC\trunk\02_Dev\02_CC\02_Src\Tariff Computer\Tariff Computer\TariffComputer.csproj", "{95EB3464-B27A-418C-A230-0CD593A55988}"
EndProject
Project("{FAE04EC0-301F-11D3-BF4B-00C04F79EFBC}") = "PBPPlugin", "backOffice\Plugins\PBPPlugin\PBPPlugin.csproj", "{3BF4A87A-07F5-45BE-BDA6-8BD01BB86EBA}"
EndProject
Project("{FAE04EC0-301F-11D3-BF4B-00C04F79EFBC}") = "integraMobile.Reports", "integraMobile.Reports\integraMobile.Reports.csproj", "{931B7F94-C30B-4FA2-B671-603CBFE108C8}"
EndProject
Project("{FAE04EC0-301F-11D3-BF4B-00C04F79EFBC}") = "PIC.ExternalWS", "..\..\..\..\..\..\dbPIC\trunk\02_Dev\02_CC\02_Src\PIC.ExternalWS\PIC.ExternalWS.csproj", "{A639E5B3-E1D7-46BA-9A79-36CBD14A2C44}"
EndProject
Global
	GlobalSection(SolutionConfigurationPlatforms) = preSolution
		BackOfficeI@_Debug|Any CPU = BackOfficeI@_Debug|Any CPU
		Debug|Any CPU = Debug|Any CPU
		Release|Any CPU = Release|Any CPU
	EndGlobalSection
	GlobalSection(ProjectConfigurationPlatforms) = postSolution
		{F1095571-0171-4D03-9BDD-2DB962A981E4}.BackOfficeI@_Debug|Any CPU.ActiveCfg = Debug|Any CPU
		{F1095571-0171-4D03-9BDD-2DB962A981E4}.BackOfficeI@_Debug|Any CPU.Build.0 = Debug|Any CPU
		{F1095571-0171-4D03-9BDD-2DB962A981E4}.Debug|Any CPU.ActiveCfg = Debug|Any CPU
		{F1095571-0171-4D03-9BDD-2DB962A981E4}.Debug|Any CPU.Build.0 = Debug|Any CPU
		{F1095571-0171-4D03-9BDD-2DB962A981E4}.Release|Any CPU.ActiveCfg = Release|Any CPU
		{F1095571-0171-4D03-9BDD-2DB962A981E4}.Release|Any CPU.Build.0 = Release|Any CPU
		{4210C426-96A9-47B5-833D-8801B724F313}.BackOfficeI@_Debug|Any CPU.ActiveCfg = Debug|Any CPU
		{4210C426-96A9-47B5-833D-8801B724F313}.BackOfficeI@_Debug|Any CPU.Build.0 = Debug|Any CPU
		{4210C426-96A9-47B5-833D-8801B724F313}.Debug|Any CPU.ActiveCfg = Debug|Any CPU
		{4210C426-96A9-47B5-833D-8801B724F313}.Debug|Any CPU.Build.0 = Debug|Any CPU
		{4210C426-96A9-47B5-833D-8801B724F313}.Release|Any CPU.ActiveCfg = Release|Any CPU
		{4210C426-96A9-47B5-833D-8801B724F313}.Release|Any CPU.Build.0 = Release|Any CPU
		{BFA82920-CA91-4FD8-A03B-26F6C9CF6F30}.BackOfficeI@_Debug|Any CPU.ActiveCfg = BackOfficeI@_Debug|Any CPU
		{BFA82920-CA91-4FD8-A03B-26F6C9CF6F30}.BackOfficeI@_Debug|Any CPU.Build.0 = BackOfficeI@_Debug|Any CPU
		{BFA82920-CA91-4FD8-A03B-26F6C9CF6F30}.Debug|Any CPU.ActiveCfg = Debug|Any CPU
		{BFA82920-CA91-4FD8-A03B-26F6C9CF6F30}.Debug|Any CPU.Build.0 = Debug|Any CPU
		{BFA82920-CA91-4FD8-A03B-26F6C9CF6F30}.Release|Any CPU.ActiveCfg = Release|Any CPU
		{BFA82920-CA91-4FD8-A03B-26F6C9CF6F30}.Release|Any CPU.Build.0 = Release|Any CPU
		{C1F157DF-7475-4DD6-9E44-010CD2AFF889}.BackOfficeI@_Debug|Any CPU.ActiveCfg = BackOfficeI@_Debug|Any CPU
		{C1F157DF-7475-4DD6-9E44-010CD2AFF889}.BackOfficeI@_Debug|Any CPU.Build.0 = BackOfficeI@_Debug|Any CPU
		{C1F157DF-7475-4DD6-9E44-010CD2AFF889}.Debug|Any CPU.ActiveCfg = Debug|Any CPU
		{C1F157DF-7475-4DD6-9E44-010CD2AFF889}.Debug|Any CPU.Build.0 = Debug|Any CPU
		{C1F157DF-7475-4DD6-9E44-010CD2AFF889}.Debug|Any CPU.Deploy.0 = Debug|Any CPU
		{C1F157DF-7475-4DD6-9E44-010CD2AFF889}.Release|Any CPU.ActiveCfg = Release|Any CPU
		{C1F157DF-7475-4DD6-9E44-010CD2AFF889}.Release|Any CPU.Build.0 = Release|Any CPU
		{9D356047-4D2A-4F59-90C0-592C96670119}.BackOfficeI@_Debug|Any CPU.ActiveCfg = Debug|Any CPU
		{9D356047-4D2A-4F59-90C0-592C96670119}.BackOfficeI@_Debug|Any CPU.Build.0 = Debug|Any CPU
		{9D356047-4D2A-4F59-90C0-592C96670119}.Debug|Any CPU.ActiveCfg = Debug|Any CPU
		{9D356047-4D2A-4F59-90C0-592C96670119}.Debug|Any CPU.Build.0 = Debug|Any CPU
		{9D356047-4D2A-4F59-90C0-592C96670119}.Release|Any CPU.ActiveCfg = Release|Any CPU
		{9D356047-4D2A-4F59-90C0-592C96670119}.Release|Any CPU.Build.0 = Release|Any CPU
		{B505DA11-B18A-4716-A4D4-B08A26E7C000}.BackOfficeI@_Debug|Any CPU.ActiveCfg = Debug|Any CPU
		{B505DA11-B18A-4716-A4D4-B08A26E7C000}.BackOfficeI@_Debug|Any CPU.Build.0 = Debug|Any CPU
		{B505DA11-B18A-4716-A4D4-B08A26E7C000}.Debug|Any CPU.ActiveCfg = Debug|Any CPU
		{B505DA11-B18A-4716-A4D4-B08A26E7C000}.Debug|Any CPU.Build.0 = Debug|Any CPU
		{B505DA11-B18A-4716-A4D4-B08A26E7C000}.Release|Any CPU.ActiveCfg = Release|Any CPU
		{B505DA11-B18A-4716-A4D4-B08A26E7C000}.Release|Any CPU.Build.0 = Release|Any CPU
		{5E029AE5-8311-4739-9585-7568545570E2}.BackOfficeI@_Debug|Any CPU.ActiveCfg = BackOfficeI@_Debug|Any CPU
		{5E029AE5-8311-4739-9585-7568545570E2}.BackOfficeI@_Debug|Any CPU.Build.0 = BackOfficeI@_Debug|Any CPU
		{5E029AE5-8311-4739-9585-7568545570E2}.Debug|Any CPU.ActiveCfg = Debug|Any CPU
		{5E029AE5-8311-4739-9585-7568545570E2}.Debug|Any CPU.Build.0 = Debug|Any CPU
		{5E029AE5-8311-4739-9585-7568545570E2}.Release|Any CPU.ActiveCfg = Release|Any CPU
		{5E029AE5-8311-4739-9585-7568545570E2}.Release|Any CPU.Build.0 = Release|Any CPU
		{FEF26A62-2D63-4DFC-8D61-35BD9B5786B4}.BackOfficeI@_Debug|Any CPU.ActiveCfg = BackOfficeI@_Debug|Any CPU
		{FEF26A62-2D63-4DFC-8D61-35BD9B5786B4}.BackOfficeI@_Debug|Any CPU.Build.0 = BackOfficeI@_Debug|Any CPU
		{FEF26A62-2D63-4DFC-8D61-35BD9B5786B4}.Debug|Any CPU.ActiveCfg = Debug|Any CPU
		{FEF26A62-2D63-4DFC-8D61-35BD9B5786B4}.Debug|Any CPU.Build.0 = Debug|Any CPU
		{FEF26A62-2D63-4DFC-8D61-35BD9B5786B4}.Release|Any CPU.ActiveCfg = Release|Any CPU
		{FEF26A62-2D63-4DFC-8D61-35BD9B5786B4}.Release|Any CPU.Build.0 = Release|Any CPU
		{363051F8-1E99-447E-A542-B6D19F1F14B2}.BackOfficeI@_Debug|Any CPU.ActiveCfg = Debug|Any CPU
		{363051F8-1E99-447E-A542-B6D19F1F14B2}.BackOfficeI@_Debug|Any CPU.Build.0 = Debug|Any CPU
		{363051F8-1E99-447E-A542-B6D19F1F14B2}.Debug|Any CPU.ActiveCfg = Debug|Any CPU
		{363051F8-1E99-447E-A542-B6D19F1F14B2}.Debug|Any CPU.Build.0 = Debug|Any CPU
		{363051F8-1E99-447E-A542-B6D19F1F14B2}.Release|Any CPU.ActiveCfg = Release|Any CPU
		{363051F8-1E99-447E-A542-B6D19F1F14B2}.Release|Any CPU.Build.0 = Release|Any CPU
		{D61B49D2-71E7-4594-B4BF-7111445DD51C}.BackOfficeI@_Debug|Any CPU.ActiveCfg = Debug|Any CPU
		{D61B49D2-71E7-4594-B4BF-7111445DD51C}.BackOfficeI@_Debug|Any CPU.Build.0 = Debug|Any CPU
		{D61B49D2-71E7-4594-B4BF-7111445DD51C}.Debug|Any CPU.ActiveCfg = Debug|Any CPU
		{D61B49D2-71E7-4594-B4BF-7111445DD51C}.Debug|Any CPU.Build.0 = Debug|Any CPU
		{D61B49D2-71E7-4594-B4BF-7111445DD51C}.Release|Any CPU.ActiveCfg = Release|Any CPU
		{D61B49D2-71E7-4594-B4BF-7111445DD51C}.Release|Any CPU.Build.0 = Release|Any CPU
		{1A917A7C-C1D1-4BC8-9434-9F37FADC0A6B}.BackOfficeI@_Debug|Any CPU.ActiveCfg = Debug|Any CPU
		{1A917A7C-C1D1-4BC8-9434-9F37FADC0A6B}.BackOfficeI@_Debug|Any CPU.Build.0 = Debug|Any CPU
		{1A917A7C-C1D1-4BC8-9434-9F37FADC0A6B}.Debug|Any CPU.ActiveCfg = Debug|Any CPU
		{1A917A7C-C1D1-4BC8-9434-9F37FADC0A6B}.Debug|Any CPU.Build.0 = Debug|Any CPU
		{1A917A7C-C1D1-4BC8-9434-9F37FADC0A6B}.Release|Any CPU.ActiveCfg = Release|Any CPU
		{1A917A7C-C1D1-4BC8-9434-9F37FADC0A6B}.Release|Any CPU.Build.0 = Release|Any CPU
		{B526A7A4-1FBF-4AE1-9E89-7A13B847DD64}.BackOfficeI@_Debug|Any CPU.ActiveCfg = Debug|Any CPU
		{B526A7A4-1FBF-4AE1-9E89-7A13B847DD64}.BackOfficeI@_Debug|Any CPU.Build.0 = Debug|Any CPU
		{B526A7A4-1FBF-4AE1-9E89-7A13B847DD64}.Debug|Any CPU.ActiveCfg = Debug|Any CPU
		{B526A7A4-1FBF-4AE1-9E89-7A13B847DD64}.Debug|Any CPU.Build.0 = Debug|Any CPU
		{B526A7A4-1FBF-4AE1-9E89-7A13B847DD64}.Release|Any CPU.ActiveCfg = Release|Any CPU
		{B526A7A4-1FBF-4AE1-9E89-7A13B847DD64}.Release|Any CPU.Build.0 = Release|Any CPU
		{B1CD1D03-AF11-4045-B039-4B25208445A8}.BackOfficeI@_Debug|Any CPU.ActiveCfg = Debug|Any CPU
		{B1CD1D03-AF11-4045-B039-4B25208445A8}.BackOfficeI@_Debug|Any CPU.Build.0 = Debug|Any CPU
		{B1CD1D03-AF11-4045-B039-4B25208445A8}.Debug|Any CPU.ActiveCfg = Debug|Any CPU
		{B1CD1D03-AF11-4045-B039-4B25208445A8}.Debug|Any CPU.Build.0 = Debug|Any CPU
		{B1CD1D03-AF11-4045-B039-4B25208445A8}.Release|Any CPU.ActiveCfg = Release|Any CPU
		{B1CD1D03-AF11-4045-B039-4B25208445A8}.Release|Any CPU.Build.0 = Release|Any CPU
		{09C08710-6D6F-4FB6-9996-03115826FE74}.BackOfficeI@_Debug|Any CPU.ActiveCfg = Debug|Any CPU
		{09C08710-6D6F-4FB6-9996-03115826FE74}.BackOfficeI@_Debug|Any CPU.Build.0 = Debug|Any CPU
		{09C08710-6D6F-4FB6-9996-03115826FE74}.Debug|Any CPU.ActiveCfg = Debug|Any CPU
		{09C08710-6D6F-4FB6-9996-03115826FE74}.Debug|Any CPU.Build.0 = Debug|Any CPU
		{09C08710-6D6F-4FB6-9996-03115826FE74}.Release|Any CPU.ActiveCfg = Release|Any CPU
		{09C08710-6D6F-4FB6-9996-03115826FE74}.Release|Any CPU.Build.0 = Release|Any CPU
		{6D2C7F9D-D226-4318-A4A1-086758476818}.BackOfficeI@_Debug|Any CPU.ActiveCfg = Debug|Any CPU
		{6D2C7F9D-D226-4318-A4A1-086758476818}.BackOfficeI@_Debug|Any CPU.Build.0 = Debug|Any CPU
		{6D2C7F9D-D226-4318-A4A1-086758476818}.Debug|Any CPU.ActiveCfg = Debug|Any CPU
		{6D2C7F9D-D226-4318-A4A1-086758476818}.Debug|Any CPU.Build.0 = Debug|Any CPU
		{6D2C7F9D-D226-4318-A4A1-086758476818}.Release|Any CPU.ActiveCfg = Release|Any CPU
		{6D2C7F9D-D226-4318-A4A1-086758476818}.Release|Any CPU.Build.0 = Release|Any CPU
		{8A8FB4EB-A719-433D-8484-2EF09FFA69B8}.BackOfficeI@_Debug|Any CPU.ActiveCfg = Debug|Any CPU
		{8A8FB4EB-A719-433D-8484-2EF09FFA69B8}.BackOfficeI@_Debug|Any CPU.Build.0 = Debug|Any CPU
		{8A8FB4EB-A719-433D-8484-2EF09FFA69B8}.Debug|Any CPU.ActiveCfg = Debug|Any CPU
		{8A8FB4EB-A719-433D-8484-2EF09FFA69B8}.Debug|Any CPU.Build.0 = Debug|Any CPU
		{8A8FB4EB-A719-433D-8484-2EF09FFA69B8}.Release|Any CPU.ActiveCfg = Release|Any CPU
		{8A8FB4EB-A719-433D-8484-2EF09FFA69B8}.Release|Any CPU.Build.0 = Release|Any CPU
		{934E073A-5DA4-45EE-8B8D-BFC7EF205274}.BackOfficeI@_Debug|Any CPU.ActiveCfg = Debug|Any CPU
		{934E073A-5DA4-45EE-8B8D-BFC7EF205274}.BackOfficeI@_Debug|Any CPU.Build.0 = Debug|Any CPU
		{934E073A-5DA4-45EE-8B8D-BFC7EF205274}.Debug|Any CPU.ActiveCfg = Debug|Any CPU
		{934E073A-5DA4-45EE-8B8D-BFC7EF205274}.Debug|Any CPU.Build.0 = Debug|Any CPU
		{934E073A-5DA4-45EE-8B8D-BFC7EF205274}.Release|Any CPU.ActiveCfg = Release|Any CPU
		{934E073A-5DA4-45EE-8B8D-BFC7EF205274}.Release|Any CPU.Build.0 = Release|Any CPU
		{95EB3464-B27A-418C-A230-0CD593A55988}.BackOfficeI@_Debug|Any CPU.ActiveCfg = Debug|Any CPU
		{95EB3464-B27A-418C-A230-0CD593A55988}.BackOfficeI@_Debug|Any CPU.Build.0 = Debug|Any CPU
		{95EB3464-B27A-418C-A230-0CD593A55988}.Debug|Any CPU.ActiveCfg = Debug|Any CPU
		{95EB3464-B27A-418C-A230-0CD593A55988}.Debug|Any CPU.Build.0 = Debug|Any CPU
		{95EB3464-B27A-418C-A230-0CD593A55988}.Release|Any CPU.ActiveCfg = Release|Any CPU
		{95EB3464-B27A-418C-A230-0CD593A55988}.Release|Any CPU.Build.0 = Release|Any CPU
		{3BF4A87A-07F5-45BE-BDA6-8BD01BB86EBA}.BackOfficeI@_Debug|Any CPU.ActiveCfg = Debug|Any CPU
		{3BF4A87A-07F5-45BE-BDA6-8BD01BB86EBA}.BackOfficeI@_Debug|Any CPU.Build.0 = Debug|Any CPU
		{3BF4A87A-07F5-45BE-BDA6-8BD01BB86EBA}.Debug|Any CPU.ActiveCfg = Debug|Any CPU
		{3BF4A87A-07F5-45BE-BDA6-8BD01BB86EBA}.Debug|Any CPU.Build.0 = Debug|Any CPU
		{3BF4A87A-07F5-45BE-BDA6-8BD01BB86EBA}.Release|Any CPU.ActiveCfg = Release|Any CPU
		{3BF4A87A-07F5-45BE-BDA6-8BD01BB86EBA}.Release|Any CPU.Build.0 = Release|Any CPU
		{931B7F94-C30B-4FA2-B671-603CBFE108C8}.BackOfficeI@_Debug|Any CPU.ActiveCfg = Debug|Any CPU
		{931B7F94-C30B-4FA2-B671-603CBFE108C8}.BackOfficeI@_Debug|Any CPU.Build.0 = Debug|Any CPU
		{931B7F94-C30B-4FA2-B671-603CBFE108C8}.Debug|Any CPU.ActiveCfg = Debug|Any CPU
		{931B7F94-C30B-4FA2-B671-603CBFE108C8}.Debug|Any CPU.Build.0 = Debug|Any CPU
		{931B7F94-C30B-4FA2-B671-603CBFE108C8}.Release|Any CPU.ActiveCfg = Release|Any CPU
		{931B7F94-C30B-4FA2-B671-603CBFE108C8}.Release|Any CPU.Build.0 = Release|Any CPU
		{A639E5B3-E1D7-46BA-9A79-36CBD14A2C44}.BackOfficeI@_Debug|Any CPU.ActiveCfg = Debug|Any CPU
		{A639E5B3-E1D7-46BA-9A79-36CBD14A2C44}.BackOfficeI@_Debug|Any CPU.Build.0 = Debug|Any CPU
		{A639E5B3-E1D7-46BA-9A79-36CBD14A2C44}.Debug|Any CPU.ActiveCfg = Debug|Any CPU
		{A639E5B3-E1D7-46BA-9A79-36CBD14A2C44}.Debug|Any CPU.Build.0 = Debug|Any CPU
		{A639E5B3-E1D7-46BA-9A79-36CBD14A2C44}.Release|Any CPU.ActiveCfg = Release|Any CPU
		{A639E5B3-E1D7-46BA-9A79-36CBD14A2C44}.Release|Any CPU.Build.0 = Release|Any CPU
	EndGlobalSection
	GlobalSection(SolutionProperties) = preSolution
		HideSolutionNode = FALSE
	EndGlobalSection
	GlobalSection(NestedProjects) = preSolution
		{F1095571-0171-4D03-9BDD-2DB962A981E4} = {1C13D7FF-2C8F-464B-AC9F-934B8AEA6152}
		{4210C426-96A9-47B5-833D-8801B724F313} = {1C13D7FF-2C8F-464B-AC9F-934B8AEA6152}
		{B505DA11-B18A-4716-A4D4-B08A26E7C000} = {1C13D7FF-2C8F-464B-AC9F-934B8AEA6152}
		{BFA82920-CA91-4FD8-A03B-26F6C9CF6F30} = {32A69289-892C-4749-AC89-CBC717140754}
		{C1F157DF-7475-4DD6-9E44-010CD2AFF889} = {32A69289-892C-4749-AC89-CBC717140754}
		{5E029AE5-8311-4739-9585-7568545570E2} = {32A69289-892C-4749-AC89-CBC717140754}
		{FEF26A62-2D63-4DFC-8D61-35BD9B5786B4} = {32A69289-892C-4749-AC89-CBC717140754}
		{3BF4A87A-07F5-45BE-BDA6-8BD01BB86EBA} = {32A69289-892C-4749-AC89-CBC717140754}
		{363051F8-1E99-447E-A542-B6D19F1F14B2} = {989F9744-E0EF-4F5D-853C-B18E5BA92972}
		{9D356047-4D2A-4F59-90C0-592C96670119} = {989F9744-E0EF-4F5D-853C-B18E5BA92972}
		{2BD17364-78DF-4A6F-AE67-38E95A618575} = {989F9744-E0EF-4F5D-853C-B18E5BA92972}
		{6DD039ED-E055-4CA2-ADBB-A60FB61C1F1C} = {989F9744-E0EF-4F5D-853C-B18E5BA92972}
		{A639E5B3-E1D7-46BA-9A79-36CBD14A2C44} = {989F9744-E0EF-4F5D-853C-B18E5BA92972}
		{D61B49D2-71E7-4594-B4BF-7111445DD51C} = {3BE76FF7-C0EA-41B1-9E3E-6A198D7D1962}
		{1A917A7C-C1D1-4BC8-9434-9F37FADC0A6B} = {3BE76FF7-C0EA-41B1-9E3E-6A198D7D1962}
		{B526A7A4-1FBF-4AE1-9E89-7A13B847DD64} = {3BE76FF7-C0EA-41B1-9E3E-6A198D7D1962}
		{931B7F94-C30B-4FA2-B671-603CBFE108C8} = {3BE76FF7-C0EA-41B1-9E3E-6A198D7D1962}
		{2D88540C-AE13-4200-9773-BB3A00DAC34A} = {2BD17364-78DF-4A6F-AE67-38E95A618575}
		{26300225-2FC9-4FBA-B280-645878E5BCAD} = {2BD17364-78DF-4A6F-AE67-38E95A618575}
		{09C08710-6D6F-4FB6-9996-03115826FE74} = {2D88540C-AE13-4200-9773-BB3A00DAC34A}
		{6D2C7F9D-D226-4318-A4A1-086758476818} = {2D88540C-AE13-4200-9773-BB3A00DAC34A}
		{8A8FB4EB-A719-433D-8484-2EF09FFA69B8} = {26300225-2FC9-4FBA-B280-645878E5BCAD}
		{934E073A-5DA4-45EE-8B8D-BFC7EF205274} = {26300225-2FC9-4FBA-B280-645878E5BCAD}
		{95EB3464-B27A-418C-A230-0CD593A55988} = {6DD039ED-E055-4CA2-ADBB-A60FB61C1F1C}
	EndGlobalSection
EndGlobal
