
Microsoft Visual Studio Solution File, Format Version 12.00
# Visual Studio 2012
Project("{FAE04EC0-301F-11D3-BF4B-00C04F79EFBC}") = "NotificationsGenerator", "NotificationsGenerator.csproj", "{312AE0E5-B727-477C-ACAF-57F65CE09B9A}"
EndProject
Global
	GlobalSection(SolutionConfigurationPlatforms) = preSolution
		Debug|Any CPU = Debug|Any CPU
		Release|Any CPU = Release|Any CPU
	EndGlobalSection
	GlobalSection(ProjectConfigurationPlatforms) = postSolution
		{312AE0E5-B727-477C-ACAF-57F65CE09B9A}.Debug|Any CPU.ActiveCfg = Debug|Any CPU
		{312AE0E5-B727-477C-ACAF-57F65CE09B9A}.Debug|Any CPU.Build.0 = Debug|Any CPU
		{312AE0E5-B727-477C-ACAF-57F65CE09B9A}.Release|Any CPU.ActiveCfg = Release|Any CPU
		{312AE0E5-B727-477C-ACAF-57F65CE09B9A}.Release|Any CPU.Build.0 = Release|Any CPU
	EndGlobalSection
	GlobalSection(SolutionProperties) = preSolution
		HideSolutionNode = FALSE
	EndGlobalSection
EndGlobal
