
Microsoft Visual Studio Solution File, Format Version 12.00
# Visual Studio 2012
Project("{FAE04EC0-301F-11D3-BF4B-00C04F79EFBC}") = "integraMobile.OxxoWS", "integraMobile.OxxoWS.csproj", "{05933451-6BEB-443C-BBD0-6E7C7F03130F}"
EndProject
Project("{FAE04EC0-301F-11D3-BF4B-00C04F79EFBC}") = "integraMobile.Infrastructure", "..\integraMobile.Infrastructure\integraMobile.Infrastructure.csproj", "{1A917A7C-C1D1-4BC8-9434-9F37FADC0A6B}"
EndProject
Project("{FAE04EC0-301F-11D3-BF4B-00C04F79EFBC}") = "integraMobile.Domain", "..\integraMobile.Domain\integraMobile.Domain.csproj", "{D61B49D2-71E7-4594-B4BF-7111445DD51C}"
EndProject
Global
	GlobalSection(SubversionScc) = preSolution
		Svn-Managed = True
		Manager = AnkhSVN - Subversion Support for Visual Studio
	EndGlobalSection
	GlobalSection(SolutionConfigurationPlatforms) = preSolution
		Debug|Any CPU = Debug|Any CPU
		Release|Any CPU = Release|Any CPU
	EndGlobalSection
	GlobalSection(ProjectConfigurationPlatforms) = postSolution
		{05933451-6BEB-443C-BBD0-6E7C7F03130F}.Debug|Any CPU.ActiveCfg = Debug|Any CPU
		{05933451-6BEB-443C-BBD0-6E7C7F03130F}.Debug|Any CPU.Build.0 = Debug|Any CPU
		{05933451-6BEB-443C-BBD0-6E7C7F03130F}.Release|Any CPU.ActiveCfg = Release|Any CPU
		{05933451-6BEB-443C-BBD0-6E7C7F03130F}.Release|Any CPU.Build.0 = Release|Any CPU
		{1A917A7C-C1D1-4BC8-9434-9F37FADC0A6B}.Debug|Any CPU.ActiveCfg = Debug|Any CPU
		{1A917A7C-C1D1-4BC8-9434-9F37FADC0A6B}.Debug|Any CPU.Build.0 = Debug|Any CPU
		{1A917A7C-C1D1-4BC8-9434-9F37FADC0A6B}.Release|Any CPU.ActiveCfg = Release|Any CPU
		{1A917A7C-C1D1-4BC8-9434-9F37FADC0A6B}.Release|Any CPU.Build.0 = Release|Any CPU
		{D61B49D2-71E7-4594-B4BF-7111445DD51C}.Debug|Any CPU.ActiveCfg = Debug|Any CPU
		{D61B49D2-71E7-4594-B4BF-7111445DD51C}.Debug|Any CPU.Build.0 = Debug|Any CPU
		{D61B49D2-71E7-4594-B4BF-7111445DD51C}.Release|Any CPU.ActiveCfg = Release|Any CPU
		{D61B49D2-71E7-4594-B4BF-7111445DD51C}.Release|Any CPU.Build.0 = Release|Any CPU
	EndGlobalSection
	GlobalSection(SolutionProperties) = preSolution
		HideSolutionNode = FALSE
	EndGlobalSection
EndGlobal
