
Microsoft Visual Studio Solution File, Format Version 12.00
# Visual Studio 2012
Project("{FAE04EC0-301F-11D3-BF4B-00C04F79EFBC}") = "CurrencyChanger.WS", "CurrencyChanger.WS\CurrencyChanger.WS.csproj", "{D44F772E-B796-4427-849A-4B841F137E54}"
EndProject
Project("{FAE04EC0-301F-11D3-BF4B-00C04F79EFBC}") = "TestCurrencyChanger", "..\Test\TestCurrencyChanger\TestCurrencyChanger.csproj", "{21D97A3D-7249-44D9-8513-E5B908244B15}"
EndProject
Global
	GlobalSection(SolutionConfigurationPlatforms) = preSolution
		Debug|Any CPU = Debug|Any CPU
		Release|Any CPU = Release|Any CPU
	EndGlobalSection
	GlobalSection(ProjectConfigurationPlatforms) = postSolution
		{D44F772E-B796-4427-849A-4B841F137E54}.Debug|Any CPU.ActiveCfg = Debug|Any CPU
		{D44F772E-B796-4427-849A-4B841F137E54}.Debug|Any CPU.Build.0 = Debug|Any CPU
		{D44F772E-B796-4427-849A-4B841F137E54}.Release|Any CPU.ActiveCfg = Release|Any CPU
		{D44F772E-B796-4427-849A-4B841F137E54}.Release|Any CPU.Build.0 = Release|Any CPU
		{21D97A3D-7249-44D9-8513-E5B908244B15}.Debug|Any CPU.ActiveCfg = Debug|Any CPU
		{21D97A3D-7249-44D9-8513-E5B908244B15}.Debug|Any CPU.Build.0 = Debug|Any CPU
		{21D97A3D-7249-44D9-8513-E5B908244B15}.Release|Any CPU.ActiveCfg = Release|Any CPU
		{21D97A3D-7249-44D9-8513-E5B908244B15}.Release|Any CPU.Build.0 = Release|Any CPU
	EndGlobalSection
	GlobalSection(SolutionProperties) = preSolution
		HideSolutionNode = FALSE
	EndGlobalSection
EndGlobal
